<?xml version="1.0" encoding="utf-8"?>
<Project ToolsVersion="4.0" xmlns="http://schemas.microsoft.com/developer/msbuild/2003">
  <ItemGroup>
    <Filter Include="Helpers">
      <UniqueIdentifier>{dfcf80bc-e61b-44f4-bacd-56e460b84214}</UniqueIdentifier>
    </Filter>
    <Filter Include="Helpers\String">
      <UniqueIdentifier>{b06857d5-f181-4af0-82f5-8a7b4176cfb3}</UniqueIdentifier>
    </Filter>
    <Filter Include="Helpers\ArrayList">
      <UniqueIdentifier>{3982a5f0-b2b8-4e4b-8c59-5fb237abd5ff}</UniqueIdentifier>
    </Filter>
    <Filter Include="Helpers\Map">
      <UniqueIdentifier>{8b5c058c-c841-433a-b8f8-07de35dec164}</UniqueIdentifier>
    </Filter>
    <Filter Include="Entities">
      <UniqueIdentifier>{28e3fbe8-0ba4-4cde-9b00-c3a6a333781e}</UniqueIdentifier>
    </Filter>
    <Filter Include="Entities\Maze">
      <UniqueIdentifier>{1747b24c-b70e-4181-bf7f-801bb291f7b1}</UniqueIdentifier>
    </Filter>
  </ItemGroup>
  <ItemGroup>
    <ClCompile Include="Source.cpp" />
    <ClCompile Include="Maze\MazeGenerator\MazeGenerator.cpp" />
    <ClCompile Include="Helpers\String\String.cpp" />
    <ClCompile Include="Maze\Maze.cpp" />
    <ClCompile Include="Engine\Engine.cpp" />
    <ClCompile Include="Entities\Hero\Inventory\Inventory.cpp" />
    <ClCompile Include="Entities\Item\Item.cpp" />
    <ClCompile Include="Entities\Hero\Hero.cpp" />
    <ClCompile Include="Entities\Item\Weapon\Weapon.cpp" />
    <ClCompile Include="Entities\Item\Spell\Spell.cpp" />
    <ClCompile Include="Entities\Item\Armour\Armour.cpp" />
    <ClCompile Include="Entities\Hero\Human\Human.cpp" />
    <ClCompile Include="Entities\Hero\Warrior\Warrior.cpp" />
    <ClCompile Include="Entities\Hero\Wizard\Wizard.cpp" />
    <ClCompile Include="Entities\Hero\HeroContainer\HeroContainer.cpp" />
  </ItemGroup>
  <ItemGroup>
    <ClInclude Include="Maze\MazeGenerator\MazeGenerator.h" />
    <ClInclude Include="Helpers\Pair\Pair.hpp" />
    <ClInclude Include="Maze\Maze.h" />
    <ClInclude Include="Helpers\String\String.h" />
    <ClInclude Include="Helpers\ArrayList\ArrayList.hpp" />
    <ClInclude Include="Engine\Engine.h" />
    <ClInclude Include="Helpers\Optional\Optional.hpp" />
    <ClInclude Include="Entities\Monster\Monster.h" />
    <ClInclude Include="Entities\Hero\Inventory\Inventory.h" />
    <ClInclude Include="Entities\Item\Item.h" />
    <ClInclude Include="Entities\Item\Weapon\Weapon.h" />
    <ClInclude Include="Entities\Hero\Hero.h" />
    <ClInclude Include="Entities\Item\Spell\Spell.h" />
    <ClInclude Include="Entities\Item\Armour\Armour.h" />
    <ClInclude Include="Entities\Hero\Human\Human.h" />
    <ClInclude Include="Entities\Hero\Warrior\Warrior.h" />
    <ClInclude Include="Entities\Hero\Wizard\Wizard.h" />
    <ClInclude Include="Entities\Hero\HeroContainer\HeroContainer.h" />
  </ItemGroup>
</Project>