<?xml version="1.0" encoding="utf-8"?>
<Project ToolsVersion="4.0" xmlns="http://schemas.microsoft.com/developer/msbuild/2003">
  <ItemGroup>
    <Filter Include="Helpers">
      <UniqueIdentifier>{dfcf80bc-e61b-44f4-bacd-56e460b84214}</UniqueIdentifier>
    </Filter>
    <Filter Include="Helpers\String">
      <UniqueIdentifier>{b06857d5-f181-4af0-82f5-8a7b4176cfb3}</UniqueIdentifier>
    </Filter>
    <Filter Include="Helpers\ArrayList">
      <UniqueIdentifier>{3982a5f0-b2b8-4e4b-8c59-5fb237abd5ff}</UniqueIdentifier>
    </Filter>
    <Filter Include="Helpers\Map">
      <UniqueIdentifier>{8b5c058c-c841-433a-b8f8-07de35dec164}</UniqueIdentifier>
    </Filter>
    <Filter Include="Entities">
      <UniqueIdentifier>{28e3fbe8-0ba4-4cde-9b00-c3a6a333781e}</UniqueIdentifier>
    </Filter>
    <Filter Include="Entities\Maze">
      <UniqueIdentifier>{1747b24c-b70e-4181-bf7f-801bb291f7b1}</UniqueIdentifier>
    </Filter>
  </ItemGroup>
  <ItemGroup>
    <ClCompile Include="Source.cpp" />
  </ItemGroup>
</Project>